{
  "name": "Three",
  "version": "1.0.0",
  "lockfileVersion": 1,
  "requires": true,
  "dependencies": {
    "@types/three": {
      "version": "0.133.0",
      "resolved": "https://registry.npmjs.org/@types/three/-/three-0.133.0.tgz",
      "integrity": "sha512-neDN9L64GK1fhT2raWXYIFvIr6ktM6XYgssfTh4zZp+XRgowD1qJ4/w79hLrLQ0w87u1E91ZfvHB0198wBsuHg==",
      "dev": true
    }
  }
}
